
Microsoft Visual Studio Solution File, Format Version 12.00
# Visual Studio 15
VisualStudioVersion = 15.0.28307.705
MinimumVisualStudioVersion = 10.0.40219.1
Project("{FAE04EC0-301F-11D3-BF4B-00C04F79EFBC}") = "Zero Creator", "Zero Creator\Zero Creator.csproj", "{D36E20FA-196C-4DEC-AFB9-5F8D76070AFE}"
EndProject
Global
	GlobalSection(SolutionConfigurationPlatforms) = preSolution
		Debug|Any CPU = Debug|Any CPU
		Release|Any CPU = Release|Any CPU
	EndGlobalSection
	GlobalSection(ProjectConfigurationPlatforms) = postSolution
		{D36E20FA-196C-4DEC-AFB9-5F8D76070AFE}.Debug|Any CPU.ActiveCfg = Debug|Any CPU
		{D36E20FA-196C-4DEC-AFB9-5F8D76070AFE}.Debug|Any CPU.Build.0 = Debug|Any CPU
		{D36E20FA-196C-4DEC-AFB9-5F8D76070AFE}.Release|Any CPU.ActiveCfg = Release|Any CPU
		{D36E20FA-196C-4DEC-AFB9-5F8D76070AFE}.Release|Any CPU.Build.0 = Release|Any CPU
	EndGlobalSection
	GlobalSection(SolutionProperties) = preSolution
		HideSolutionNode = FALSE
	EndGlobalSection
	GlobalSection(ExtensibilityGlobals) = postSolution
		SolutionGuid = {E172D539-F4F5-495C-8BFA-6A7E5D3C4878}
	EndGlobalSection
EndGlobal
