
Microsoft Visual Studio Solution File, Format Version 12.00
# Visual Studio 15
VisualStudioVersion = 15.0.28307.705
MinimumVisualStudioVersion = 10.0.40219.1
Project("{00D1A9C2-B5F0-4AF3-8072-F6C62B433612}") = "SQL Database Query", "SQL Database Query\SQL Database Query.sqlproj", "{32CB4DBC-7DBA-48D1-B0B5-898A44087847}"
EndProject
Global
	GlobalSection(SolutionConfigurationPlatforms) = preSolution
		Debug|Any CPU = Debug|Any CPU
		Release|Any CPU = Release|Any CPU
	EndGlobalSection
	GlobalSection(ProjectConfigurationPlatforms) = postSolution
		{32CB4DBC-7DBA-48D1-B0B5-898A44087847}.Debug|Any CPU.ActiveCfg = Debug|Any CPU
		{32CB4DBC-7DBA-48D1-B0B5-898A44087847}.Debug|Any CPU.Build.0 = Debug|Any CPU
		{32CB4DBC-7DBA-48D1-B0B5-898A44087847}.Debug|Any CPU.Deploy.0 = Debug|Any CPU
		{32CB4DBC-7DBA-48D1-B0B5-898A44087847}.Release|Any CPU.ActiveCfg = Release|Any CPU
		{32CB4DBC-7DBA-48D1-B0B5-898A44087847}.Release|Any CPU.Build.0 = Release|Any CPU
		{32CB4DBC-7DBA-48D1-B0B5-898A44087847}.Release|Any CPU.Deploy.0 = Release|Any CPU
	EndGlobalSection
	GlobalSection(SolutionProperties) = preSolution
		HideSolutionNode = FALSE
	EndGlobalSection
	GlobalSection(ExtensibilityGlobals) = postSolution
		SolutionGuid = {8262C75E-47A4-41EA-B297-CF3394054FA1}
	EndGlobalSection
EndGlobal
